{
  "name": "codekeeper",
  "version": "0.1.0",
  "lockfileVersion": 3,
  "requires": true,
  "packages": {
    "": {
      "name": "codekeeper",
      "version": "0.1.0",
      "license": "Apache-2.0",
      "bin": {
        "codekeeper": "bin/codekeeper.mjs"
      },
      "engines": {
        "node": ">=22"
      }
    }
  }
}
